
Microsoft Visual Studio Solution File, Format Version 12.00
# Visual Studio Version 17
VisualStudioVersion = 17.5.002.0
MinimumVisualStudioVersion = 10.0.40219.1
Project("{9A19103F-16F7-4668-BE54-9A1E7A4F7556}") = "IComparable", "IComparable.csproj", "{D452BDB1-6886-4AA8-84AF-34D599DDC247}"
EndProject
Global
	GlobalSection(SolutionConfigurationPlatforms) = preSolution
		Debug|Any CPU = Debug|Any CPU
		Release|Any CPU = Release|Any CPU
	EndGlobalSection
	GlobalSection(ProjectConfigurationPlatforms) = postSolution
		{D452BDB1-6886-4AA8-84AF-34D599DDC247}.Debug|Any CPU.ActiveCfg = Debug|Any CPU
		{D452BDB1-6886-4AA8-84AF-34D599DDC247}.Debug|Any CPU.Build.0 = Debug|Any CPU
		{D452BDB1-6886-4AA8-84AF-34D599DDC247}.Release|Any CPU.ActiveCfg = Release|Any CPU
		{D452BDB1-6886-4AA8-84AF-34D599DDC247}.Release|Any CPU.Build.0 = Release|Any CPU
	EndGlobalSection
	GlobalSection(SolutionProperties) = preSolution
		HideSolutionNode = FALSE
	EndGlobalSection
	GlobalSection(ExtensibilityGlobals) = postSolution
		SolutionGuid = {80E9206C-B61C-41B8-BA13-ACC49403AE5B}
	EndGlobalSection
EndGlobal
